
Microsoft Visual Studio Solution File, Format Version 12.00
# Visual Studio 15
VisualStudioVersion = 15.0.27703.2000
MinimumVisualStudioVersion = 10.0.40219.1
Project("{FAE04EC0-301F-11D3-BF4B-00C04F79EFBC}") = "FinalProject", "FinalProject\FinalProject.csproj", "{F894A2DB-0CA7-4A3A-91E5-7A2EAAC93E38}"
EndProject
Global
	GlobalSection(SolutionConfigurationPlatforms) = preSolution
		Debug|Any CPU = Debug|Any CPU
		Release|Any CPU = Release|Any CPU
	EndGlobalSection
	GlobalSection(ProjectConfigurationPlatforms) = postSolution
		{F894A2DB-0CA7-4A3A-91E5-7A2EAAC93E38}.Debug|Any CPU.ActiveCfg = Debug|Any CPU
		{F894A2DB-0CA7-4A3A-91E5-7A2EAAC93E38}.Debug|Any CPU.Build.0 = Debug|Any CPU
		{F894A2DB-0CA7-4A3A-91E5-7A2EAAC93E38}.Release|Any CPU.ActiveCfg = Release|Any CPU
		{F894A2DB-0CA7-4A3A-91E5-7A2EAAC93E38}.Release|Any CPU.Build.0 = Release|Any CPU
	EndGlobalSection
	GlobalSection(SolutionProperties) = preSolution
		HideSolutionNode = FALSE
	EndGlobalSection
	GlobalSection(ExtensibilityGlobals) = postSolution
		SolutionGuid = {C65B0199-61CC-4B57-8672-801C545B3255}
	EndGlobalSection
EndGlobal
